// !$*UTF8*$!
{
	archiveVersion = 1;
	classes = {
	};
	objectVersion = 56;
	objects = {

/* Begin PBXBuildFile section */
		76063AB72A85847A005299D7 /* CreateExitPermissionBS.swift in Sources */ = {isa = PBXBuildFile; fileRef = 76063AB62A85847A005299D7 /* CreateExitPermissionBS.swift */; };
		7607A1F62A1C8916002E3B5D /* ExitConfirmationsApp.swift in Sources */ = {isa = PBXBuildFile; fileRef = 7607A1F52A1C8916002E3B5D /* ExitConfirmationsApp.swift */; };
		7607A1F82A1C8916002E3B5D /* StartView.swift in Sources */ = {isa = PBXBuildFile; fileRef = 7607A1F72A1C8916002E3B5D /* StartView.swift */; };
		7607A1FA2A1C8917002E3B5D /* Assets.xcassets in Resources */ = {isa = PBXBuildFile; fileRef = 7607A1F92A1C8917002E3B5D /* Assets.xcassets */; };
		7607A1FD2A1C8917002E3B5D /* Preview Assets.xcassets in Resources */ = {isa = PBXBuildFile; fileRef = 7607A1FC2A1C8917002E3B5D /* Preview Assets.xcassets */; };
		7607A2072A1C8917002E3B5D /* ExitConfirmationsTests.swift in Sources */ = {isa = PBXBuildFile; fileRef = 7607A2062A1C8917002E3B5D /* ExitConfirmationsTests.swift */; };
		7607A2112A1C8917002E3B5D /* ExitConfirmationsUITests.swift in Sources */ = {isa = PBXBuildFile; fileRef = 7607A2102A1C8917002E3B5D /* ExitConfirmationsUITests.swift */; };
		7607A2132A1C8917002E3B5D /* ExitConfirmationsUITestsLaunchTests.swift in Sources */ = {isa = PBXBuildFile; fileRef = 7607A2122A1C8917002E3B5D /* ExitConfirmationsUITestsLaunchTests.swift */; };
		7607A2252A1C8A73002E3B5D /* FirebaseAnalytics in Frameworks */ = {isa = PBXBuildFile; productRef = 7607A2242A1C8A73002E3B5D /* FirebaseAnalytics */; };
		7607A2272A1C8A73002E3B5D /* FirebaseAnalyticsSwift in Frameworks */ = {isa = PBXBuildFile; productRef = 7607A2262A1C8A73002E3B5D /* FirebaseAnalyticsSwift */; };
		7607A2292A1C8A73002E3B5D /* FirebaseAuth in Frameworks */ = {isa = PBXBuildFile; productRef = 7607A2282A1C8A73002E3B5D /* FirebaseAuth */; };
		7607A22B2A1C8A73002E3B5D /* FirebaseDatabase in Frameworks */ = {isa = PBXBuildFile; productRef = 7607A22A2A1C8A73002E3B5D /* FirebaseDatabase */; };
		7607A22D2A1C8A73002E3B5D /* FirebaseDatabaseSwift in Frameworks */ = {isa = PBXBuildFile; productRef = 7607A22C2A1C8A73002E3B5D /* FirebaseDatabaseSwift */; };
		7607A22F2A1C8A73002E3B5D /* FirebaseDynamicLinks in Frameworks */ = {isa = PBXBuildFile; productRef = 7607A22E2A1C8A73002E3B5D /* FirebaseDynamicLinks */; };
		7607A2372A1C9000002E3B5D /* StudentMainVIew.swift in Sources */ = {isa = PBXBuildFile; fileRef = 7607A2362A1C9000002E3B5D /* StudentMainVIew.swift */; };
		7658141F2A87A4CB001D1222 /* Localizable.strings in Resources */ = {isa = PBXBuildFile; fileRef = 7658141E2A87A4CB001D1222 /* Localizable.strings */; };
		766372322B3CA65F00B50C24 /* GoogleService-Info.plist in Resources */ = {isa = PBXBuildFile; fileRef = 766372312B3CA65F00B50C24 /* GoogleService-Info.plist */; };
		766601032A87B6B3006DC42E /* Student.swift in Sources */ = {isa = PBXBuildFile; fileRef = 766601022A87B6B3006DC42E /* Student.swift */; };
		766601062A8A3B5F006DC42E /* CreateExitPermissionBSVIewModel.swift in Sources */ = {isa = PBXBuildFile; fileRef = 766601052A8A3B5F006DC42E /* CreateExitPermissionBSVIewModel.swift */; };
		7666010A2A8E3924006DC42E /* PermissionInfoBottomSheet.swift in Sources */ = {isa = PBXBuildFile; fileRef = 766601092A8E3924006DC42E /* PermissionInfoBottomSheet.swift */; };
		7666010C2A901CB3006DC42E /* ScannerViewController.swift in Sources */ = {isa = PBXBuildFile; fileRef = 7666010B2A901CB3006DC42E /* ScannerViewController.swift */; };
		7666010F2A901E74006DC42E /* CodeScanner in Frameworks */ = {isa = PBXBuildFile; productRef = 7666010E2A901E74006DC42E /* CodeScanner */; };
		76E57E772A1CBFB800581DB4 /* ExitPermission.swift in Sources */ = {isa = PBXBuildFile; fileRef = 76E57E762A1CBFB800581DB4 /* ExitPermission.swift */; };
		76E57E792A1D100E00581DB4 /* MadrichMainView.swift in Sources */ = {isa = PBXBuildFile; fileRef = 76E57E782A1D100E00581DB4 /* MadrichMainView.swift */; };
		76E796252A7F79B80084A78A /* GuardMainView.swift in Sources */ = {isa = PBXBuildFile; fileRef = 76E796242A7F79B80084A78A /* GuardMainView.swift */; };
		76E7962A2A8297290084A78A /* Toast in Frameworks */ = {isa = PBXBuildFile; productRef = 76E796292A8297290084A78A /* Toast */; };
/* End PBXBuildFile section */

/* Begin PBXContainerItemProxy section */
		7607A2032A1C8917002E3B5D /* PBXContainerItemProxy */ = {
			isa = PBXContainerItemProxy;
			containerPortal = 7607A1EA2A1C8916002E3B5D /* Project object */;
			proxyType = 1;
			remoteGlobalIDString = 7607A1F12A1C8916002E3B5D;
			remoteInfo = ExitConfirmations;
		};
		7607A20D2A1C8917002E3B5D /* PBXContainerItemProxy */ = {
			isa = PBXContainerItemProxy;
			containerPortal = 7607A1EA2A1C8916002E3B5D /* Project object */;
			proxyType = 1;
			remoteGlobalIDString = 7607A1F12A1C8916002E3B5D;
			remoteInfo = ExitConfirmations;
		};
/* End PBXContainerItemProxy section */

/* Begin PBXFileReference section */
		76063AB62A85847A005299D7 /* CreateExitPermissionBS.swift */ = {isa = PBXFileReference; lastKnownFileType = sourcecode.swift; path = CreateExitPermissionBS.swift; sourceTree = "<group>"; };
		7607A1F22A1C8916002E3B5D /* ExitConfirmations.app */ = {isa = PBXFileReference; explicitFileType = wrapper.application; includeInIndex = 0; path = ExitConfirmations.app; sourceTree = BUILT_PRODUCTS_DIR; };
		7607A1F52A1C8916002E3B5D /* ExitConfirmationsApp.swift */ = {isa = PBXFileReference; lastKnownFileType = sourcecode.swift; path = ExitConfirmationsApp.swift; sourceTree = "<group>"; };
		7607A1F72A1C8916002E3B5D /* StartView.swift */ = {isa = PBXFileReference; lastKnownFileType = sourcecode.swift; path = StartView.swift; sourceTree = "<group>"; };
		7607A1F92A1C8917002E3B5D /* Assets.xcassets */ = {isa = PBXFileReference; lastKnownFileType = folder.assetcatalog; path = Assets.xcassets; sourceTree = "<group>"; };
		7607A1FC2A1C8917002E3B5D /* Preview Assets.xcassets */ = {isa = PBXFileReference; lastKnownFileType = folder.assetcatalog; path = "Preview Assets.xcassets"; sourceTree = "<group>"; };
		7607A2022A1C8917002E3B5D /* ExitConfirmationsTests.xctest */ = {isa = PBXFileReference; explicitFileType = wrapper.cfbundle; includeInIndex = 0; path = ExitConfirmationsTests.xctest; sourceTree = BUILT_PRODUCTS_DIR; };
		7607A2062A1C8917002E3B5D /* ExitConfirmationsTests.swift */ = {isa = PBXFileReference; lastKnownFileType = sourcecode.swift; path = ExitConfirmationsTests.swift; sourceTree = "<group>"; };
		7607A20C2A1C8917002E3B5D /* ExitConfirmationsUITests.xctest */ = {isa = PBXFileReference; explicitFileType = wrapper.cfbundle; includeInIndex = 0; path = ExitConfirmationsUITests.xctest; sourceTree = BUILT_PRODUCTS_DIR; };
		7607A2102A1C8917002E3B5D /* ExitConfirmationsUITests.swift */ = {isa = PBXFileReference; lastKnownFileType = sourcecode.swift; path = ExitConfirmationsUITests.swift; sourceTree = "<group>"; };
		7607A2122A1C8917002E3B5D /* ExitConfirmationsUITestsLaunchTests.swift */ = {isa = PBXFileReference; lastKnownFileType = sourcecode.swift; path = ExitConfirmationsUITestsLaunchTests.swift; sourceTree = "<group>"; };
		7607A2362A1C9000002E3B5D /* StudentMainVIew.swift */ = {isa = PBXFileReference; lastKnownFileType = sourcecode.swift; path = StudentMainVIew.swift; sourceTree = "<group>"; };
		7658141E2A87A4CB001D1222 /* Localizable.strings */ = {isa = PBXFileReference; lastKnownFileType = text.plist.strings; path = Localizable.strings; sourceTree = "<group>"; };
		766372312B3CA65F00B50C24 /* GoogleService-Info.plist */ = {isa = PBXFileReference; fileEncoding = 4; lastKnownFileType = text.plist.xml; name = "GoogleService-Info.plist"; path = "../../Downloads/GoogleService-Info.plist"; sourceTree = "<group>"; };
		766601022A87B6B3006DC42E /* Student.swift */ = {isa = PBXFileReference; lastKnownFileType = sourcecode.swift; path = Student.swift; sourceTree = "<group>"; };
		766601052A8A3B5F006DC42E /* CreateExitPermissionBSVIewModel.swift */ = {isa = PBXFileReference; lastKnownFileType = sourcecode.swift; path = CreateExitPermissionBSVIewModel.swift; sourceTree = "<group>"; };
		766601092A8E3924006DC42E /* PermissionInfoBottomSheet.swift */ = {isa = PBXFileReference; lastKnownFileType = sourcecode.swift; path = PermissionInfoBottomSheet.swift; sourceTree = "<group>"; };
		7666010B2A901CB3006DC42E /* ScannerViewController.swift */ = {isa = PBXFileReference; lastKnownFileType = sourcecode.swift; path = ScannerViewController.swift; sourceTree = "<group>"; };
		76E57E762A1CBFB800581DB4 /* ExitPermission.swift */ = {isa = PBXFileReference; lastKnownFileType = sourcecode.swift; path = ExitPermission.swift; sourceTree = "<group>"; };
		76E57E782A1D100E00581DB4 /* MadrichMainView.swift */ = {isa = PBXFileReference; lastKnownFileType = sourcecode.swift; path = MadrichMainView.swift; sourceTree = "<group>"; };
		76E796242A7F79B80084A78A /* GuardMainView.swift */ = {isa = PBXFileReference; lastKnownFileType = sourcecode.swift; path = GuardMainView.swift; sourceTree = "<group>"; };
/* End PBXFileReference section */

/* Begin PBXFrameworksBuildPhase section */
		7607A1EF2A1C8916002E3B5D /* Frameworks */ = {
			isa = PBXFrameworksBuildPhase;
			buildActionMask = 2147483647;
			files = (
				7607A22D2A1C8A73002E3B5D /* FirebaseDatabaseSwift in Frameworks */,
				7607A2272A1C8A73002E3B5D /* FirebaseAnalyticsSwift in Frameworks */,
				7666010F2A901E74006DC42E /* CodeScanner in Frameworks */,
				7607A2292A1C8A73002E3B5D /* FirebaseAuth in Frameworks */,
				7607A22B2A1C8A73002E3B5D /* FirebaseDatabase in Frameworks */,
				7607A2252A1C8A73002E3B5D /* FirebaseAnalytics in Frameworks */,
				7607A22F2A1C8A73002E3B5D /* FirebaseDynamicLinks in Frameworks */,
				76E7962A2A8297290084A78A /* Toast in Frameworks */,
			);
			runOnlyForDeploymentPostprocessing = 0;
		};
		7607A1FF2A1C8917002E3B5D /* Frameworks */ = {
			isa = PBXFrameworksBuildPhase;
			buildActionMask = 2147483647;
			files = (
			);
			runOnlyForDeploymentPostprocessing = 0;
		};
		7607A2092A1C8917002E3B5D /* Frameworks */ = {
			isa = PBXFrameworksBuildPhase;
			buildActionMask = 2147483647;
			files = (
			);
			runOnlyForDeploymentPostprocessing = 0;
		};
/* End PBXFrameworksBuildPhase section */

/* Begin PBXGroup section */
		76063AB52A8583E4005299D7 /* bottom_sheets */ = {
			isa = PBXGroup;
			children = (
				76063AB62A85847A005299D7 /* CreateExitPermissionBS.swift */,
				766601092A8E3924006DC42E /* PermissionInfoBottomSheet.swift */,
			);
			path = bottom_sheets;
			sourceTree = "<group>";
		};
		7607A1E92A1C8916002E3B5D = {
			isa = PBXGroup;
			children = (
				7658141E2A87A4CB001D1222 /* Localizable.strings */,
				7607A1F42A1C8916002E3B5D /* ExitConfirmations */,
				7607A2052A1C8917002E3B5D /* ExitConfirmationsTests */,
				7607A20F2A1C8917002E3B5D /* ExitConfirmationsUITests */,
				7607A1F32A1C8916002E3B5D /* Products */,
				768F0ACD2A20E0C20086C8D1 /* Frameworks */,
			);
			sourceTree = "<group>";
		};
		7607A1F32A1C8916002E3B5D /* Products */ = {
			isa = PBXGroup;
			children = (
				7607A1F22A1C8916002E3B5D /* ExitConfirmations.app */,
				7607A2022A1C8917002E3B5D /* ExitConfirmationsTests.xctest */,
				7607A20C2A1C8917002E3B5D /* ExitConfirmationsUITests.xctest */,
			);
			name = Products;
			sourceTree = "<group>";
		};
		7607A1F42A1C8916002E3B5D /* ExitConfirmations */ = {
			isa = PBXGroup;
			children = (
				766372312B3CA65F00B50C24 /* GoogleService-Info.plist */,
				766601042A8A3B3F006DC42E /* viewmodels */,
				76063AB52A8583E4005299D7 /* bottom_sheets */,
				76E796232A7F79A70084A78A /* guard */,
				763C439A2A1FD27C00D228B1 /* models */,
				763C43932A1FC15400D228B1 /* student */,
				763C43922A1FC14700D228B1 /* madrich */,
				7607A1F52A1C8916002E3B5D /* ExitConfirmationsApp.swift */,
				7607A1F72A1C8916002E3B5D /* StartView.swift */,
				7607A1F92A1C8917002E3B5D /* Assets.xcassets */,
				7607A1FB2A1C8917002E3B5D /* Preview Content */,
				7666010B2A901CB3006DC42E /* ScannerViewController.swift */,
			);
			path = ExitConfirmations;
			sourceTree = "<group>";
		};
		7607A1FB2A1C8917002E3B5D /* Preview Content */ = {
			isa = PBXGroup;
			children = (
				7607A1FC2A1C8917002E3B5D /* Preview Assets.xcassets */,
			);
			path = "Preview Content";
			sourceTree = "<group>";
		};
		7607A2052A1C8917002E3B5D /* ExitConfirmationsTests */ = {
			isa = PBXGroup;
			children = (
				7607A2062A1C8917002E3B5D /* ExitConfirmationsTests.swift */,
			);
			path = ExitConfirmationsTests;
			sourceTree = "<group>";
		};
		7607A20F2A1C8917002E3B5D /* ExitConfirmationsUITests */ = {
			isa = PBXGroup;
			children = (
				7607A2102A1C8917002E3B5D /* ExitConfirmationsUITests.swift */,
				7607A2122A1C8917002E3B5D /* ExitConfirmationsUITestsLaunchTests.swift */,
			);
			path = ExitConfirmationsUITests;
			sourceTree = "<group>";
		};
		763C43922A1FC14700D228B1 /* madrich */ = {
			isa = PBXGroup;
			children = (
				76E57E782A1D100E00581DB4 /* MadrichMainView.swift */,
			);
			path = madrich;
			sourceTree = "<group>";
		};
		763C43932A1FC15400D228B1 /* student */ = {
			isa = PBXGroup;
			children = (
				7607A2362A1C9000002E3B5D /* StudentMainVIew.swift */,
			);
			path = student;
			sourceTree = "<group>";
		};
		763C439A2A1FD27C00D228B1 /* models */ = {
			isa = PBXGroup;
			children = (
				76E57E762A1CBFB800581DB4 /* ExitPermission.swift */,
				766601022A87B6B3006DC42E /* Student.swift */,
			);
			path = models;
			sourceTree = "<group>";
		};
		766601042A8A3B3F006DC42E /* viewmodels */ = {
			isa = PBXGroup;
			children = (
				766601052A8A3B5F006DC42E /* CreateExitPermissionBSVIewModel.swift */,
			);
			path = viewmodels;
			sourceTree = "<group>";
		};
		768F0ACD2A20E0C20086C8D1 /* Frameworks */ = {
			isa = PBXGroup;
			children = (
			);
			name = Frameworks;
			sourceTree = "<group>";
		};
		76E796232A7F79A70084A78A /* guard */ = {
			isa = PBXGroup;
			children = (
				76E796242A7F79B80084A78A /* GuardMainView.swift */,
			);
			path = guard;
			sourceTree = "<group>";
		};
/* End PBXGroup section */

/* Begin PBXNativeTarget section */
		7607A1F12A1C8916002E3B5D /* ExitConfirmations */ = {
			isa = PBXNativeTarget;
			buildConfigurationList = 7607A2162A1C8917002E3B5D /* Build configuration list for PBXNativeTarget "ExitConfirmations" */;
			buildPhases = (
				7607A1EE2A1C8916002E3B5D /* Sources */,
				7607A1EF2A1C8916002E3B5D /* Frameworks */,
				7607A1F02A1C8916002E3B5D /* Resources */,
			);
			buildRules = (
			);
			dependencies = (
			);
			name = ExitConfirmations;
			packageProductDependencies = (
				7607A2242A1C8A73002E3B5D /* FirebaseAnalytics */,
				7607A2262A1C8A73002E3B5D /* FirebaseAnalyticsSwift */,
				7607A2282A1C8A73002E3B5D /* FirebaseAuth */,
				7607A22A2A1C8A73002E3B5D /* FirebaseDatabase */,
				7607A22C2A1C8A73002E3B5D /* FirebaseDatabaseSwift */,
				7607A22E2A1C8A73002E3B5D /* FirebaseDynamicLinks */,
				76E796292A8297290084A78A /* Toast */,
				7666010E2A901E74006DC42E /* CodeScanner */,
			);
			productName = ExitConfirmations;
			productReference = 7607A1F22A1C8916002E3B5D /* ExitConfirmations.app */;
			productType = "com.apple.product-type.application";
		};
		7607A2012A1C8917002E3B5D /* ExitConfirmationsTests */ = {
			isa = PBXNativeTarget;
			buildConfigurationList = 7607A2192A1C8917002E3B5D /* Build configuration list for PBXNativeTarget "ExitConfirmationsTests" */;
			buildPhases = (
				7607A1FE2A1C8917002E3B5D /* Sources */,
				7607A1FF2A1C8917002E3B5D /* Frameworks */,
				7607A2002A1C8917002E3B5D /* Resources */,
			);
			buildRules = (
			);
			dependencies = (
				7607A2042A1C8917002E3B5D /* PBXTargetDependency */,
			);
			name = ExitConfirmationsTests;
			productName = ExitConfirmationsTests;
			productReference = 7607A2022A1C8917002E3B5D /* ExitConfirmationsTests.xctest */;
			productType = "com.apple.product-type.bundle.unit-test";
		};
		7607A20B2A1C8917002E3B5D /* ExitConfirmationsUITests */ = {
			isa = PBXNativeTarget;
			buildConfigurationList = 7607A21C2A1C8917002E3B5D /* Build configuration list for PBXNativeTarget "ExitConfirmationsUITests" */;
			buildPhases = (
				7607A2082A1C8917002E3B5D /* Sources */,
				7607A2092A1C8917002E3B5D /* Frameworks */,
				7607A20A2A1C8917002E3B5D /* Resources */,
			);
			buildRules = (
			);
			dependencies = (
				7607A20E2A1C8917002E3B5D /* PBXTargetDependency */,
			);
			name = ExitConfirmationsUITests;
			productName = ExitConfirmationsUITests;
			productReference = 7607A20C2A1C8917002E3B5D /* ExitConfirmationsUITests.xctest */;
			productType = "com.apple.product-type.bundle.ui-testing";
		};
/* End PBXNativeTarget section */

/* Begin PBXProject section */
		7607A1EA2A1C8916002E3B5D /* Project object */ = {
			isa = PBXProject;
			attributes = {
				BuildIndependentTargetsInParallel = 1;
				LastSwiftUpdateCheck = 1420;
				LastUpgradeCheck = 1420;
				TargetAttributes = {
					7607A1F12A1C8916002E3B5D = {
						CreatedOnToolsVersion = 14.2;
					};
					7607A2012A1C8917002E3B5D = {
						CreatedOnToolsVersion = 14.2;
						TestTargetID = 7607A1F12A1C8916002E3B5D;
					};
					7607A20B2A1C8917002E3B5D = {
						CreatedOnToolsVersion = 14.2;
						TestTargetID = 7607A1F12A1C8916002E3B5D;
					};
				};
			};
			buildConfigurationList = 7607A1ED2A1C8916002E3B5D /* Build configuration list for PBXProject "ExitConfirmations" */;
			compatibilityVersion = "Xcode 14.0";
			developmentRegion = en;
			hasScannedForEncodings = 0;
			knownRegions = (
				en,
				Base,
				he,
			);
			mainGroup = 7607A1E92A1C8916002E3B5D;
			packageReferences = (
				7607A2232A1C8A73002E3B5D /* XCRemoteSwiftPackageReference "firebase-ios-sdk" */,
				76E796282A8297290084A78A /* XCRemoteSwiftPackageReference "Toast-Swift" */,
				7666010D2A901E74006DC42E /* XCRemoteSwiftPackageReference "CodeScanner" */,
			);
			productRefGroup = 7607A1F32A1C8916002E3B5D /* Products */;
			projectDirPath = "";
			projectRoot = "";
			targets = (
				7607A1F12A1C8916002E3B5D /* ExitConfirmations */,
				7607A2012A1C8917002E3B5D /* ExitConfirmationsTests */,
				7607A20B2A1C8917002E3B5D /* ExitConfirmationsUITests */,
			);
		};
/* End PBXProject section */

/* Begin PBXResourcesBuildPhase section */
		7607A1F02A1C8916002E3B5D /* Resources */ = {
			isa = PBXResourcesBuildPhase;
			buildActionMask = 2147483647;
			files = (
				7607A1FD2A1C8917002E3B5D /* Preview Assets.xcassets in Resources */,
				766372322B3CA65F00B50C24 /* GoogleService-Info.plist in Resources */,
				7658141F2A87A4CB001D1222 /* Localizable.strings in Resources */,
				7607A1FA2A1C8917002E3B5D /* Assets.xcassets in Resources */,
			);
			runOnlyForDeploymentPostprocessing = 0;
		};
		7607A2002A1C8917002E3B5D /* Resources */ = {
			isa = PBXResourcesBuildPhase;
			buildActionMask = 2147483647;
			files = (
			);
			runOnlyForDeploymentPostprocessing = 0;
		};
		7607A20A2A1C8917002E3B5D /* Resources */ = {
			isa = PBXResourcesBuildPhase;
			buildActionMask = 2147483647;
			files = (
			);
			runOnlyForDeploymentPostprocessing = 0;
		};
/* End PBXResourcesBuildPhase section */

/* Begin PBXSourcesBuildPhase section */
		7607A1EE2A1C8916002E3B5D /* Sources */ = {
			isa = PBXSourcesBuildPhase;
			buildActionMask = 2147483647;
			files = (
				76E796252A7F79B80084A78A /* GuardMainView.swift in Sources */,
				7607A1F82A1C8916002E3B5D /* StartView.swift in Sources */,
				766601032A87B6B3006DC42E /* Student.swift in Sources */,
				7607A2372A1C9000002E3B5D /* StudentMainVIew.swift in Sources */,
				7666010A2A8E3924006DC42E /* PermissionInfoBottomSheet.swift in Sources */,
				76E57E772A1CBFB800581DB4 /* ExitPermission.swift in Sources */,
				76E57E792A1D100E00581DB4 /* MadrichMainView.swift in Sources */,
				766601062A8A3B5F006DC42E /* CreateExitPermissionBSVIewModel.swift in Sources */,
				7666010C2A901CB3006DC42E /* ScannerViewController.swift in Sources */,
				76063AB72A85847A005299D7 /* CreateExitPermissionBS.swift in Sources */,
				7607A1F62A1C8916002E3B5D /* ExitConfirmationsApp.swift in Sources */,
			);
			runOnlyForDeploymentPostprocessing = 0;
		};
		7607A1FE2A1C8917002E3B5D /* Sources */ = {
			isa = PBXSourcesBuildPhase;
			buildActionMask = 2147483647;
			files = (
				7607A2072A1C8917002E3B5D /* ExitConfirmationsTests.swift in Sources */,
			);
			runOnlyForDeploymentPostprocessing = 0;
		};
		7607A2082A1C8917002E3B5D /* Sources */ = {
			isa = PBXSourcesBuildPhase;
			buildActionMask = 2147483647;
			files = (
				7607A2112A1C8917002E3B5D /* ExitConfirmationsUITests.swift in Sources */,
				7607A2132A1C8917002E3B5D /* ExitConfirmationsUITestsLaunchTests.swift in Sources */,
			);
			runOnlyForDeploymentPostprocessing = 0;
		};
/* End PBXSourcesBuildPhase section */

/* Begin PBXTargetDependency section */
		7607A2042A1C8917002E3B5D /* PBXTargetDependency */ = {
			isa = PBXTargetDependency;
			target = 7607A1F12A1C8916002E3B5D /* ExitConfirmations */;
			targetProxy = 7607A2032A1C8917002E3B5D /* PBXContainerItemProxy */;
		};
		7607A20E2A1C8917002E3B5D /* PBXTargetDependency */ = {
			isa = PBXTargetDependency;
			target = 7607A1F12A1C8916002E3B5D /* ExitConfirmations */;
			targetProxy = 7607A20D2A1C8917002E3B5D /* PBXContainerItemProxy */;
		};
/* End PBXTargetDependency section */

/* Begin XCBuildConfiguration section */
		7607A2142A1C8917002E3B5D /* Debug */ = {
			isa = XCBuildConfiguration;
			buildSettings = {
				ALWAYS_SEARCH_USER_PATHS = NO;
				CLANG_ANALYZER_LOCALIZABILITY_NONLOCALIZED = YES;
				CLANG_ANALYZER_NONNULL = YES;
				CLANG_ANALYZER_NUMBER_OBJECT_CONVERSION = YES_AGGRESSIVE;
				CLANG_CXX_LANGUAGE_STANDARD = "gnu++20";
				CLANG_ENABLE_MODULES = YES;
				CLANG_ENABLE_OBJC_ARC = YES;
				CLANG_ENABLE_OBJC_WEAK = YES;
				CLANG_WARN_BLOCK_CAPTURE_AUTORELEASING = YES;
				CLANG_WARN_BOOL_CONVERSION = YES;
				CLANG_WARN_COMMA = YES;
				CLANG_WARN_CONSTANT_CONVERSION = YES;
				CLANG_WARN_DEPRECATED_OBJC_IMPLEMENTATIONS = YES;
				CLANG_WARN_DIRECT_OBJC_ISA_USAGE = YES_ERROR;
				CLANG_WARN_DOCUMENTATION_COMMENTS = YES;
				CLANG_WARN_EMPTY_BODY = YES;
				CLANG_WARN_ENUM_CONVERSION = YES;
				CLANG_WARN_INFINITE_RECURSION = YES;
				CLANG_WARN_INT_CONVERSION = YES;
				CLANG_WARN_NON_LITERAL_NULL_CONVERSION = YES;
				CLANG_WARN_OBJC_IMPLICIT_RETAIN_SELF = YES;
				CLANG_WARN_OBJC_LITERAL_CONVERSION = YES;
				CLANG_WARN_OBJC_ROOT_CLASS = YES_ERROR;
				CLANG_WARN_QUOTED_INCLUDE_IN_FRAMEWORK_HEADER = YES;
				CLANG_WARN_RANGE_LOOP_ANALYSIS = YES;
				CLANG_WARN_STRICT_PROTOTYPES = YES;
				CLANG_WARN_SUSPICIOUS_MOVE = YES;
				CLANG_WARN_UNGUARDED_AVAILABILITY = YES_AGGRESSIVE;
				CLANG_WARN_UNREACHABLE_CODE = YES;
				CLANG_WARN__DUPLICATE_METHOD_MATCH = YES;
				COPY_PHASE_STRIP = NO;
				DEBUG_INFORMATION_FORMAT = dwarf;
				ENABLE_STRICT_OBJC_MSGSEND = YES;
				ENABLE_TESTABILITY = YES;
				GCC_C_LANGUAGE_STANDARD = gnu11;
				GCC_DYNAMIC_NO_PIC = NO;
				GCC_NO_COMMON_BLOCKS = YES;
				GCC_OPTIMIZATION_LEVEL = 0;
				GCC_PREPROCESSOR_DEFINITIONS = (
					"DEBUG=1",
					"$(inherited)",
				);
				GCC_WARN_64_TO_32_BIT_CONVERSION = YES;
				GCC_WARN_ABOUT_RETURN_TYPE = YES_ERROR;
				GCC_WARN_UNDECLARED_SELECTOR = YES;
				GCC_WARN_UNINITIALIZED_AUTOS = YES_AGGRESSIVE;
				GCC_WARN_UNUSED_FUNCTION = YES;
				GCC_WARN_UNUSED_VARIABLE = YES;
				IPHONEOS_DEPLOYMENT_TARGET = 16.0;
				MTL_ENABLE_DEBUG_INFO = INCLUDE_SOURCE;
				MTL_FAST_MATH = YES;
				ONLY_ACTIVE_ARCH = YES;
				SDKROOT = iphoneos;
				SWIFT_ACTIVE_COMPILATION_CONDITIONS = DEBUG;
				SWIFT_OPTIMIZATION_LEVEL = "-Onone";
			};
			name = Debug;
		};
		7607A2152A1C8917002E3B5D /* Release */ = {
			isa = XCBuildConfiguration;
			buildSettings = {
				ALWAYS_SEARCH_USER_PATHS = NO;
				CLANG_ANALYZER_LOCALIZABILITY_NONLOCALIZED = YES;
				CLANG_ANALYZER_NONNULL = YES;
				CLANG_ANALYZER_NUMBER_OBJECT_CONVERSION = YES_AGGRESSIVE;
				CLANG_CXX_LANGUAGE_STANDARD = "gnu++20";
				CLANG_ENABLE_MODULES = YES;
				CLANG_ENABLE_OBJC_ARC = YES;
				CLANG_ENABLE_OBJC_WEAK = YES;
				CLANG_WARN_BLOCK_CAPTURE_AUTORELEASING = YES;
				CLANG_WARN_BOOL_CONVERSION = YES;
				CLANG_WARN_COMMA = YES;
				CLANG_WARN_CONSTANT_CONVERSION = YES;
				CLANG_WARN_DEPRECATED_OBJC_IMPLEMENTATIONS = YES;
				CLANG_WARN_DIRECT_OBJC_ISA_USAGE = YES_ERROR;
				CLANG_WARN_DOCUMENTATION_COMMENTS = YES;
				CLANG_WARN_EMPTY_BODY = YES;
				CLANG_WARN_ENUM_CONVERSION = YES;
				CLANG_WARN_INFINITE_RECURSION = YES;
				CLANG_WARN_INT_CONVERSION = YES;
				CLANG_WARN_NON_LITERAL_NULL_CONVERSION = YES;
				CLANG_WARN_OBJC_IMPLICIT_RETAIN_SELF = YES;
				CLANG_WARN_OBJC_LITERAL_CONVERSION = YES;
				CLANG_WARN_OBJC_ROOT_CLASS = YES_ERROR;
				CLANG_WARN_QUOTED_INCLUDE_IN_FRAMEWORK_HEADER = YES;
				CLANG_WARN_RANGE_LOOP_ANALYSIS = YES;
				CLANG_WARN_STRICT_PROTOTYPES = YES;
				CLANG_WARN_SUSPICIOUS_MOVE = YES;
				CLANG_WARN_UNGUARDED_AVAILABILITY = YES_AGGRESSIVE;
				CLANG_WARN_UNREACHABLE_CODE = YES;
				CLANG_WARN__DUPLICATE_METHOD_MATCH = YES;
				COPY_PHASE_STRIP = NO;
				DEBUG_INFORMATION_FORMAT = "dwarf-with-dsym";
				ENABLE_NS_ASSERTIONS = NO;
				ENABLE_STRICT_OBJC_MSGSEND = YES;
				GCC_C_LANGUAGE_STANDARD = gnu11;
				GCC_NO_COMMON_BLOCKS = YES;
				GCC_WARN_64_TO_32_BIT_CONVERSION = YES;
				GCC_WARN_ABOUT_RETURN_TYPE = YES_ERROR;
				GCC_WARN_UNDECLARED_SELECTOR = YES;
				GCC_WARN_UNINITIALIZED_AUTOS = YES_AGGRESSIVE;
				GCC_WARN_UNUSED_FUNCTION = YES;
				GCC_WARN_UNUSED_VARIABLE = YES;
				IPHONEOS_DEPLOYMENT_TARGET = 16.0;
				MTL_ENABLE_DEBUG_INFO = NO;
				MTL_FAST_MATH = YES;
				SDKROOT = iphoneos;
				SWIFT_COMPILATION_MODE = wholemodule;
				SWIFT_OPTIMIZATION_LEVEL = "-O";
				VALIDATE_PRODUCT = YES;
			};
			name = Release;
		};
		7607A2172A1C8917002E3B5D /* Debug */ = {
			isa = XCBuildConfiguration;
			buildSettings = {
				ASSETCATALOG_COMPILER_APPICON_NAME = AppIcon;
				ASSETCATALOG_COMPILER_GLOBAL_ACCENT_COLOR_NAME = AccentColor;
				CODE_SIGN_IDENTITY = "Apple Development";
				CODE_SIGN_STYLE = Automatic;
				CURRENT_PROJECT_VERSION = 1;
				DEVELOPMENT_ASSET_PATHS = "\"ExitConfirmations/Preview Content\"";
				DEVELOPMENT_TEAM = 8A4UHG87FF;
				ENABLE_PREVIEWS = YES;
				GENERATE_INFOPLIST_FILE = YES;
				INFOPLIST_KEY_NSCameraUsageDescription = "We need the camera to scan qr code";
				INFOPLIST_KEY_UIApplicationSceneManifest_Generation = YES;
				INFOPLIST_KEY_UIApplicationSupportsIndirectInputEvents = YES;
				INFOPLIST_KEY_UILaunchScreen_Generation = YES;
				INFOPLIST_KEY_UISupportedInterfaceOrientations_iPad = "UIInterfaceOrientationPortrait UIInterfaceOrientationPortraitUpsideDown UIInterfaceOrientationLandscapeLeft UIInterfaceOrientationLandscapeRight";
				INFOPLIST_KEY_UISupportedInterfaceOrientations_iPhone = "UIInterfaceOrientationPortrait UIInterfaceOrientationLandscapeLeft UIInterfaceOrientationLandscapeRight";
				INFOPLIST_KEY_UIUserInterfaceStyle = Light;
				LD_RUNPATH_SEARCH_PATHS = (
					"$(inherited)",
					"@executable_path/Frameworks",
				);
				MARKETING_VERSION = 1.0;
				PRODUCT_BUNDLE_IDENTIFIER = dem.ExitConfirmations;
				PRODUCT_NAME = "$(TARGET_NAME)";
				SWIFT_EMIT_LOC_STRINGS = YES;
				SWIFT_VERSION = 5.0;
				TARGETED_DEVICE_FAMILY = "1,2";
			};
			name = Debug;
		};
		7607A2182A1C8917002E3B5D /* Release */ = {
			isa = XCBuildConfiguration;
			buildSettings = {
				ASSETCATALOG_COMPILER_APPICON_NAME = AppIcon;
				ASSETCATALOG_COMPILER_GLOBAL_ACCENT_COLOR_NAME = AccentColor;
				CODE_SIGN_IDENTITY = "Apple Development";
				CODE_SIGN_STYLE = Automatic;
				CURRENT_PROJECT_VERSION = 1;
				DEVELOPMENT_ASSET_PATHS = "\"ExitConfirmations/Preview Content\"";
				DEVELOPMENT_TEAM = 8A4UHG87FF;
				ENABLE_PREVIEWS = YES;
				GENERATE_INFOPLIST_FILE = YES;
				INFOPLIST_KEY_NSCameraUsageDescription = "We need the camera to scan qr code";
				INFOPLIST_KEY_UIApplicationSceneManifest_Generation = YES;
				INFOPLIST_KEY_UIApplicationSupportsIndirectInputEvents = YES;
				INFOPLIST_KEY_UILaunchScreen_Generation = YES;
				INFOPLIST_KEY_UISupportedInterfaceOrientations_iPad = "UIInterfaceOrientationPortrait UIInterfaceOrientationPortraitUpsideDown UIInterfaceOrientationLandscapeLeft UIInterfaceOrientationLandscapeRight";
				INFOPLIST_KEY_UISupportedInterfaceOrientations_iPhone = "UIInterfaceOrientationPortrait UIInterfaceOrientationLandscapeLeft UIInterfaceOrientationLandscapeRight";
				INFOPLIST_KEY_UIUserInterfaceStyle = Light;
				LD_RUNPATH_SEARCH_PATHS = (
					"$(inherited)",
					"@executable_path/Frameworks",
				);
				MARKETING_VERSION = 1.0;
				PRODUCT_BUNDLE_IDENTIFIER = dem.ExitConfirmations;
				PRODUCT_NAME = "$(TARGET_NAME)";
				SWIFT_EMIT_LOC_STRINGS = YES;
				SWIFT_VERSION = 5.0;
				TARGETED_DEVICE_FAMILY = "1,2";
			};
			name = Release;
		};
		7607A21A2A1C8917002E3B5D /* Debug */ = {
			isa = XCBuildConfiguration;
			buildSettings = {
				ALWAYS_EMBED_SWIFT_STANDARD_LIBRARIES = YES;
				BUNDLE_LOADER = "$(TEST_HOST)";
				CODE_SIGN_STYLE = Automatic;
				CURRENT_PROJECT_VERSION = 1;
				GENERATE_INFOPLIST_FILE = YES;
				IPHONEOS_DEPLOYMENT_TARGET = 16.2;
				MARKETING_VERSION = 1.0;
				PRODUCT_BUNDLE_IDENTIFIER = dem.ExitConfirmationsTests;
				PRODUCT_NAME = "$(TARGET_NAME)";
				SWIFT_EMIT_LOC_STRINGS = NO;
				SWIFT_VERSION = 5.0;
				TARGETED_DEVICE_FAMILY = "1,2";
				TEST_HOST = "$(BUILT_PRODUCTS_DIR)/ExitConfirmations.app/$(BUNDLE_EXECUTABLE_FOLDER_PATH)/ExitConfirmations";
			};
			name = Debug;
		};
		7607A21B2A1C8917002E3B5D /* Release */ = {
			isa = XCBuildConfiguration;
			buildSettings = {
				ALWAYS_EMBED_SWIFT_STANDARD_LIBRARIES = YES;
				BUNDLE_LOADER = "$(TEST_HOST)";
				CODE_SIGN_STYLE = Automatic;
				CURRENT_PROJECT_VERSION = 1;
				GENERATE_INFOPLIST_FILE = YES;
				IPHONEOS_DEPLOYMENT_TARGET = 16.2;
				MARKETING_VERSION = 1.0;
				PRODUCT_BUNDLE_IDENTIFIER = dem.ExitConfirmationsTests;
				PRODUCT_NAME = "$(TARGET_NAME)";
				SWIFT_EMIT_LOC_STRINGS = NO;
				SWIFT_VERSION = 5.0;
				TARGETED_DEVICE_FAMILY = "1,2";
				TEST_HOST = "$(BUILT_PRODUCTS_DIR)/ExitConfirmations.app/$(BUNDLE_EXECUTABLE_FOLDER_PATH)/ExitConfirmations";
			};
			name = Release;
		};
		7607A21D2A1C8917002E3B5D /* Debug */ = {
			isa = XCBuildConfiguration;
			buildSettings = {
				ALWAYS_EMBED_SWIFT_STANDARD_LIBRARIES = YES;
				CODE_SIGN_STYLE = Automatic;
				CURRENT_PROJECT_VERSION = 1;
				GENERATE_INFOPLIST_FILE = YES;
				MARKETING_VERSION = 1.0;
				PRODUCT_BUNDLE_IDENTIFIER = dem.ExitConfirmationsUITests;
				PRODUCT_NAME = "$(TARGET_NAME)";
				SWIFT_EMIT_LOC_STRINGS = NO;
				SWIFT_VERSION = 5.0;
				TARGETED_DEVICE_FAMILY = "1,2";
				TEST_TARGET_NAME = ExitConfirmations;
			};
			name = Debug;
		};
		7607A21E2A1C8917002E3B5D /* Release */ = {
			isa = XCBuildConfiguration;
			buildSettings = {
				ALWAYS_EMBED_SWIFT_STANDARD_LIBRARIES = YES;
				CODE_SIGN_STYLE = Automatic;
				CURRENT_PROJECT_VERSION = 1;
				GENERATE_INFOPLIST_FILE = YES;
				MARKETING_VERSION = 1.0;
				PRODUCT_BUNDLE_IDENTIFIER = dem.ExitConfirmationsUITests;
				PRODUCT_NAME = "$(TARGET_NAME)";
				SWIFT_EMIT_LOC_STRINGS = NO;
				SWIFT_VERSION = 5.0;
				TARGETED_DEVICE_FAMILY = "1,2";
				TEST_TARGET_NAME = ExitConfirmations;
			};
			name = Release;
		};
/* End XCBuildConfiguration section */

/* Begin XCConfigurationList section */
		7607A1ED2A1C8916002E3B5D /* Build configuration list for PBXProject "ExitConfirmations" */ = {
			isa = XCConfigurationList;
			buildConfigurations = (
				7607A2142A1C8917002E3B5D /* Debug */,
				7607A2152A1C8917002E3B5D /* Release */,
			);
			defaultConfigurationIsVisible = 0;
			defaultConfigurationName = Release;
		};
		7607A2162A1C8917002E3B5D /* Build configuration list for PBXNativeTarget "ExitConfirmations" */ = {
			isa = XCConfigurationList;
			buildConfigurations = (
				7607A2172A1C8917002E3B5D /* Debug */,
				7607A2182A1C8917002E3B5D /* Release */,
			);
			defaultConfigurationIsVisible = 0;
			defaultConfigurationName = Release;
		};
		7607A2192A1C8917002E3B5D /* Build configuration list for PBXNativeTarget "ExitConfirmationsTests" */ = {
			isa = XCConfigurationList;
			buildConfigurations = (
				7607A21A2A1C8917002E3B5D /* Debug */,
				7607A21B2A1C8917002E3B5D /* Release */,
			);
			defaultConfigurationIsVisible = 0;
			defaultConfigurationName = Release;
		};
		7607A21C2A1C8917002E3B5D /* Build configuration list for PBXNativeTarget "ExitConfirmationsUITests" */ = {
			isa = XCConfigurationList;
			buildConfigurations = (
				7607A21D2A1C8917002E3B5D /* Debug */,
				7607A21E2A1C8917002E3B5D /* Release */,
			);
			defaultConfigurationIsVisible = 0;
			defaultConfigurationName = Release;
		};
/* End XCConfigurationList section */

/* Begin XCRemoteSwiftPackageReference section */
		7607A2232A1C8A73002E3B5D /* XCRemoteSwiftPackageReference "firebase-ios-sdk" */ = {
			isa = XCRemoteSwiftPackageReference;
			repositoryURL = "https://github.com/firebase/firebase-ios-sdk";
			requirement = {
				kind = upToNextMajorVersion;
				minimumVersion = 9.0.0;
			};
		};
		7666010D2A901E74006DC42E /* XCRemoteSwiftPackageReference "CodeScanner" */ = {
			isa = XCRemoteSwiftPackageReference;
			repositoryURL = "https://github.com/twostraws/CodeScanner";
			requirement = {
				kind = upToNextMajorVersion;
				minimumVersion = 2.0.0;
			};
		};
		76E796282A8297290084A78A /* XCRemoteSwiftPackageReference "Toast-Swift" */ = {
			isa = XCRemoteSwiftPackageReference;
			repositoryURL = "https://github.com/scalessec/Toast-Swift";
			requirement = {
				kind = upToNextMajorVersion;
				minimumVersion = 5.0.0;
			};
		};
/* End XCRemoteSwiftPackageReference section */

/* Begin XCSwiftPackageProductDependency section */
		7607A2242A1C8A73002E3B5D /* FirebaseAnalytics */ = {
			isa = XCSwiftPackageProductDependency;
			package = 7607A2232A1C8A73002E3B5D /* XCRemoteSwiftPackageReference "firebase-ios-sdk" */;
			productName = FirebaseAnalytics;
		};
		7607A2262A1C8A73002E3B5D /* FirebaseAnalyticsSwift */ = {
			isa = XCSwiftPackageProductDependency;
			package = 7607A2232A1C8A73002E3B5D /* XCRemoteSwiftPackageReference "firebase-ios-sdk" */;
			productName = FirebaseAnalyticsSwift;
		};
		7607A2282A1C8A73002E3B5D /* FirebaseAuth */ = {
			isa = XCSwiftPackageProductDependency;
			package = 7607A2232A1C8A73002E3B5D /* XCRemoteSwiftPackageReference "firebase-ios-sdk" */;
			productName = FirebaseAuth;
		};
		7607A22A2A1C8A73002E3B5D /* FirebaseDatabase */ = {
			isa = XCSwiftPackageProductDependency;
			package = 7607A2232A1C8A73002E3B5D /* XCRemoteSwiftPackageReference "firebase-ios-sdk" */;
			productName = FirebaseDatabase;
		};
		7607A22C2A1C8A73002E3B5D /* FirebaseDatabaseSwift */ = {
			isa = XCSwiftPackageProductDependency;
			package = 7607A2232A1C8A73002E3B5D /* XCRemoteSwiftPackageReference "firebase-ios-sdk" */;
			productName = FirebaseDatabaseSwift;
		};
		7607A22E2A1C8A73002E3B5D /* FirebaseDynamicLinks */ = {
			isa = XCSwiftPackageProductDependency;
			package = 7607A2232A1C8A73002E3B5D /* XCRemoteSwiftPackageReference "firebase-ios-sdk" */;
			productName = FirebaseDynamicLinks;
		};
		7666010E2A901E74006DC42E /* CodeScanner */ = {
			isa = XCSwiftPackageProductDependency;
			package = 7666010D2A901E74006DC42E /* XCRemoteSwiftPackageReference "CodeScanner" */;
			productName = CodeScanner;
		};
		76E796292A8297290084A78A /* Toast */ = {
			isa = XCSwiftPackageProductDependency;
			package = 76E796282A8297290084A78A /* XCRemoteSwiftPackageReference "Toast-Swift" */;
			productName = Toast;
		};
/* End XCSwiftPackageProductDependency section */
	};
	rootObject = 7607A1EA2A1C8916002E3B5D /* Project object */;
}
